
Microsoft Visual Studio Solution File, Format Version 12.00
# Visual Studio Version 16
VisualStudioVersion = 16.0.32002.261
MinimumVisualStudioVersion = 10.0.40219.1
Project("{8BC9CEB8-8B4A-11D0-8D11-00A0C91BC942}") = "8-Listing9-8", "8-Listing9-8\8-Listing9-8.vcxproj", "{63F46913-4DC2-42A0-9225-6B13E3E0E0DB}"
EndProject
Global
	GlobalSection(SolutionConfigurationPlatforms) = preSolution
		Debug|x64 = Debug|x64
		Debug|x86 = Debug|x86
		Release|x64 = Release|x64
		Release|x86 = Release|x86
	EndGlobalSection
	GlobalSection(ProjectConfigurationPlatforms) = postSolution
		{63F46913-4DC2-42A0-9225-6B13E3E0E0DB}.Debug|x64.ActiveCfg = Debug|x64
		{63F46913-4DC2-42A0-9225-6B13E3E0E0DB}.Debug|x64.Build.0 = Debug|x64
		{63F46913-4DC2-42A0-9225-6B13E3E0E0DB}.Debug|x86.ActiveCfg = Debug|Win32
		{63F46913-4DC2-42A0-9225-6B13E3E0E0DB}.Debug|x86.Build.0 = Debug|Win32
		{63F46913-4DC2-42A0-9225-6B13E3E0E0DB}.Release|x64.ActiveCfg = Release|x64
		{63F46913-4DC2-42A0-9225-6B13E3E0E0DB}.Release|x64.Build.0 = Release|x64
		{63F46913-4DC2-42A0-9225-6B13E3E0E0DB}.Release|x86.ActiveCfg = Release|Win32
		{63F46913-4DC2-42A0-9225-6B13E3E0E0DB}.Release|x86.Build.0 = Release|Win32
	EndGlobalSection
	GlobalSection(SolutionProperties) = preSolution
		HideSolutionNode = FALSE
	EndGlobalSection
	GlobalSection(ExtensibilityGlobals) = postSolution
		SolutionGuid = {CA488BC9-F23E-41FF-A71F-41B9E34842C7}
	EndGlobalSection
EndGlobal
