
Microsoft Visual Studio Solution File, Format Version 12.00
# Visual Studio Version 16
VisualStudioVersion = 16.0.32002.261
MinimumVisualStudioVersion = 10.0.40219.1
Project("{8BC9CEB8-8B4A-11D0-8D11-00A0C91BC942}") = "2-Listing9-2", "2-Listing9-2\2-Listing9-2.vcxproj", "{501EB5E7-1219-4DC6-83BA-10B4054BEFEF}"
EndProject
Global
	GlobalSection(SolutionConfigurationPlatforms) = preSolution
		Debug|x64 = Debug|x64
		Debug|x86 = Debug|x86
		Release|x64 = Release|x64
		Release|x86 = Release|x86
	EndGlobalSection
	GlobalSection(ProjectConfigurationPlatforms) = postSolution
		{501EB5E7-1219-4DC6-83BA-10B4054BEFEF}.Debug|x64.ActiveCfg = Debug|x64
		{501EB5E7-1219-4DC6-83BA-10B4054BEFEF}.Debug|x64.Build.0 = Debug|x64
		{501EB5E7-1219-4DC6-83BA-10B4054BEFEF}.Debug|x86.ActiveCfg = Debug|Win32
		{501EB5E7-1219-4DC6-83BA-10B4054BEFEF}.Debug|x86.Build.0 = Debug|Win32
		{501EB5E7-1219-4DC6-83BA-10B4054BEFEF}.Release|x64.ActiveCfg = Release|x64
		{501EB5E7-1219-4DC6-83BA-10B4054BEFEF}.Release|x64.Build.0 = Release|x64
		{501EB5E7-1219-4DC6-83BA-10B4054BEFEF}.Release|x86.ActiveCfg = Release|Win32
		{501EB5E7-1219-4DC6-83BA-10B4054BEFEF}.Release|x86.Build.0 = Release|Win32
	EndGlobalSection
	GlobalSection(SolutionProperties) = preSolution
		HideSolutionNode = FALSE
	EndGlobalSection
	GlobalSection(ExtensibilityGlobals) = postSolution
		SolutionGuid = {14391EA5-8C26-4F25-9DD4-E9CAD806D19C}
	EndGlobalSection
EndGlobal
