
Microsoft Visual Studio Solution File, Format Version 12.00
# Visual Studio Version 16
VisualStudioVersion = 16.0.32002.261
MinimumVisualStudioVersion = 10.0.40219.1
Project("{8BC9CEB8-8B4A-11D0-8D11-00A0C91BC942}") = "22-Listing9-22", "22-Listing9-22\22-Listing9-22.vcxproj", "{E9A8E20F-1583-4B58-9282-73E059B3FF8A}"
EndProject
Global
	GlobalSection(SolutionConfigurationPlatforms) = preSolution
		Debug|x64 = Debug|x64
		Debug|x86 = Debug|x86
		Release|x64 = Release|x64
		Release|x86 = Release|x86
	EndGlobalSection
	GlobalSection(ProjectConfigurationPlatforms) = postSolution
		{E9A8E20F-1583-4B58-9282-73E059B3FF8A}.Debug|x64.ActiveCfg = Debug|x64
		{E9A8E20F-1583-4B58-9282-73E059B3FF8A}.Debug|x64.Build.0 = Debug|x64
		{E9A8E20F-1583-4B58-9282-73E059B3FF8A}.Debug|x86.ActiveCfg = Debug|Win32
		{E9A8E20F-1583-4B58-9282-73E059B3FF8A}.Debug|x86.Build.0 = Debug|Win32
		{E9A8E20F-1583-4B58-9282-73E059B3FF8A}.Release|x64.ActiveCfg = Release|x64
		{E9A8E20F-1583-4B58-9282-73E059B3FF8A}.Release|x64.Build.0 = Release|x64
		{E9A8E20F-1583-4B58-9282-73E059B3FF8A}.Release|x86.ActiveCfg = Release|Win32
		{E9A8E20F-1583-4B58-9282-73E059B3FF8A}.Release|x86.Build.0 = Release|Win32
	EndGlobalSection
	GlobalSection(SolutionProperties) = preSolution
		HideSolutionNode = FALSE
	EndGlobalSection
	GlobalSection(ExtensibilityGlobals) = postSolution
		SolutionGuid = {3CBAACAB-03AE-4FD6-B2DD-1DC1D5879D94}
	EndGlobalSection
EndGlobal
