
Microsoft Visual Studio Solution File, Format Version 12.00
# Visual Studio Version 16
VisualStudioVersion = 16.0.32002.261
MinimumVisualStudioVersion = 10.0.40219.1
Project("{8BC9CEB8-8B4A-11D0-8D11-00A0C91BC942}") = "24-Listing9-24", "24-Listing9-24\24-Listing9-24.vcxproj", "{9764292A-D4E2-4CA3-8084-206544337EBE}"
EndProject
Global
	GlobalSection(SolutionConfigurationPlatforms) = preSolution
		Debug|x64 = Debug|x64
		Debug|x86 = Debug|x86
		Release|x64 = Release|x64
		Release|x86 = Release|x86
	EndGlobalSection
	GlobalSection(ProjectConfigurationPlatforms) = postSolution
		{9764292A-D4E2-4CA3-8084-206544337EBE}.Debug|x64.ActiveCfg = Debug|x64
		{9764292A-D4E2-4CA3-8084-206544337EBE}.Debug|x64.Build.0 = Debug|x64
		{9764292A-D4E2-4CA3-8084-206544337EBE}.Debug|x86.ActiveCfg = Debug|Win32
		{9764292A-D4E2-4CA3-8084-206544337EBE}.Debug|x86.Build.0 = Debug|Win32
		{9764292A-D4E2-4CA3-8084-206544337EBE}.Release|x64.ActiveCfg = Release|x64
		{9764292A-D4E2-4CA3-8084-206544337EBE}.Release|x64.Build.0 = Release|x64
		{9764292A-D4E2-4CA3-8084-206544337EBE}.Release|x86.ActiveCfg = Release|Win32
		{9764292A-D4E2-4CA3-8084-206544337EBE}.Release|x86.Build.0 = Release|Win32
	EndGlobalSection
	GlobalSection(SolutionProperties) = preSolution
		HideSolutionNode = FALSE
	EndGlobalSection
	GlobalSection(ExtensibilityGlobals) = postSolution
		SolutionGuid = {3A4EA211-D8AF-4FF7-B03E-2226E96DFB1E}
	EndGlobalSection
EndGlobal
