
Microsoft Visual Studio Solution File, Format Version 12.00
# Visual Studio Version 16
VisualStudioVersion = 16.0.32002.261
MinimumVisualStudioVersion = 10.0.40219.1
Project("{8BC9CEB8-8B4A-11D0-8D11-00A0C91BC942}") = "16-Listing9-16", "16-Listing9-16\16-Listing9-16.vcxproj", "{B71A4597-907D-4863-BE5E-BB24952B329D}"
EndProject
Global
	GlobalSection(SolutionConfigurationPlatforms) = preSolution
		Debug|x64 = Debug|x64
		Debug|x86 = Debug|x86
		Release|x64 = Release|x64
		Release|x86 = Release|x86
	EndGlobalSection
	GlobalSection(ProjectConfigurationPlatforms) = postSolution
		{B71A4597-907D-4863-BE5E-BB24952B329D}.Debug|x64.ActiveCfg = Debug|x64
		{B71A4597-907D-4863-BE5E-BB24952B329D}.Debug|x64.Build.0 = Debug|x64
		{B71A4597-907D-4863-BE5E-BB24952B329D}.Debug|x86.ActiveCfg = Debug|Win32
		{B71A4597-907D-4863-BE5E-BB24952B329D}.Debug|x86.Build.0 = Debug|Win32
		{B71A4597-907D-4863-BE5E-BB24952B329D}.Release|x64.ActiveCfg = Release|x64
		{B71A4597-907D-4863-BE5E-BB24952B329D}.Release|x64.Build.0 = Release|x64
		{B71A4597-907D-4863-BE5E-BB24952B329D}.Release|x86.ActiveCfg = Release|Win32
		{B71A4597-907D-4863-BE5E-BB24952B329D}.Release|x86.Build.0 = Release|Win32
	EndGlobalSection
	GlobalSection(SolutionProperties) = preSolution
		HideSolutionNode = FALSE
	EndGlobalSection
	GlobalSection(ExtensibilityGlobals) = postSolution
		SolutionGuid = {C2A8F558-8BDB-4FEC-9B70-189281A8D986}
	EndGlobalSection
EndGlobal
