
Microsoft Visual Studio Solution File, Format Version 12.00
# Visual Studio Version 16
VisualStudioVersion = 16.0.32002.261
MinimumVisualStudioVersion = 10.0.40219.1
Project("{8BC9CEB8-8B4A-11D0-8D11-00A0C91BC942}") = "9-Listing9-9", "9-Listing9-9\9-Listing9-9.vcxproj", "{02D632F0-21F2-4C6E-905F-B295EEA7FE08}"
EndProject
Global
	GlobalSection(SolutionConfigurationPlatforms) = preSolution
		Debug|x64 = Debug|x64
		Debug|x86 = Debug|x86
		Release|x64 = Release|x64
		Release|x86 = Release|x86
	EndGlobalSection
	GlobalSection(ProjectConfigurationPlatforms) = postSolution
		{02D632F0-21F2-4C6E-905F-B295EEA7FE08}.Debug|x64.ActiveCfg = Debug|x64
		{02D632F0-21F2-4C6E-905F-B295EEA7FE08}.Debug|x64.Build.0 = Debug|x64
		{02D632F0-21F2-4C6E-905F-B295EEA7FE08}.Debug|x86.ActiveCfg = Debug|Win32
		{02D632F0-21F2-4C6E-905F-B295EEA7FE08}.Debug|x86.Build.0 = Debug|Win32
		{02D632F0-21F2-4C6E-905F-B295EEA7FE08}.Release|x64.ActiveCfg = Release|x64
		{02D632F0-21F2-4C6E-905F-B295EEA7FE08}.Release|x64.Build.0 = Release|x64
		{02D632F0-21F2-4C6E-905F-B295EEA7FE08}.Release|x86.ActiveCfg = Release|Win32
		{02D632F0-21F2-4C6E-905F-B295EEA7FE08}.Release|x86.Build.0 = Release|Win32
	EndGlobalSection
	GlobalSection(SolutionProperties) = preSolution
		HideSolutionNode = FALSE
	EndGlobalSection
	GlobalSection(ExtensibilityGlobals) = postSolution
		SolutionGuid = {F5A6DE29-E70D-467D-B681-8C375E874B32}
	EndGlobalSection
EndGlobal
