
Microsoft Visual Studio Solution File, Format Version 12.00
# Visual Studio Version 16
VisualStudioVersion = 16.0.32002.261
MinimumVisualStudioVersion = 10.0.40219.1
Project("{8BC9CEB8-8B4A-11D0-8D11-00A0C91BC942}") = "25-Listing9-25", "25-Listing9-25\25-Listing9-25.vcxproj", "{49394D68-82AA-4F95-A00E-4926D6C9A351}"
EndProject
Global
	GlobalSection(SolutionConfigurationPlatforms) = preSolution
		Debug|x64 = Debug|x64
		Debug|x86 = Debug|x86
		Release|x64 = Release|x64
		Release|x86 = Release|x86
	EndGlobalSection
	GlobalSection(ProjectConfigurationPlatforms) = postSolution
		{49394D68-82AA-4F95-A00E-4926D6C9A351}.Debug|x64.ActiveCfg = Debug|x64
		{49394D68-82AA-4F95-A00E-4926D6C9A351}.Debug|x64.Build.0 = Debug|x64
		{49394D68-82AA-4F95-A00E-4926D6C9A351}.Debug|x86.ActiveCfg = Debug|Win32
		{49394D68-82AA-4F95-A00E-4926D6C9A351}.Debug|x86.Build.0 = Debug|Win32
		{49394D68-82AA-4F95-A00E-4926D6C9A351}.Release|x64.ActiveCfg = Release|x64
		{49394D68-82AA-4F95-A00E-4926D6C9A351}.Release|x64.Build.0 = Release|x64
		{49394D68-82AA-4F95-A00E-4926D6C9A351}.Release|x86.ActiveCfg = Release|Win32
		{49394D68-82AA-4F95-A00E-4926D6C9A351}.Release|x86.Build.0 = Release|Win32
	EndGlobalSection
	GlobalSection(SolutionProperties) = preSolution
		HideSolutionNode = FALSE
	EndGlobalSection
	GlobalSection(ExtensibilityGlobals) = postSolution
		SolutionGuid = {AFE34232-2D65-4713-A106-62BF749699FD}
	EndGlobalSection
EndGlobal
